
Microsoft Visual Studio Solution File, Format Version 12.00
# Visual Studio Version 16
VisualStudioVersion = 16.0.29102.190
MinimumVisualStudioVersion = 10.0.40219.1
Project("{9A19103F-16F7-4668-BE54-9A1E7A4F7556}") = "FamilyGuy", "src\Runtime\FamilyGuy.csproj", "{127E04E4-CA5D-4F3C-9C93-E674B4241846}"
EndProject
Project("{9A19103F-16F7-4668-BE54-9A1E7A4F7556}") = "FamilyGuy.Infrastructure", "src\Infrastructure\FamilyGuy.Infrastructure\FamilyGuy.Infrastructure.csproj", "{7BA2DFA5-8E0B-42C4-81BE-7983DA42AE45}"
EndProject
Project("{2150E333-8FDC-42A3-9474-1A3956D46DE8}") = "API", "API", "{0C620FE1-D8BD-4B4C-9598-A5FD23C96B86}"
EndProject
Project("{FAE04EC0-301F-11D3-BF4B-00C04F79EFBC}") = "FamilyGuy.UserApi", "src\API\FamilyGuy.UserApi\FamilyGuy.UserApi.csproj", "{8EB78308-E274-4F4D-92E6-5C83D9074BE1}"
EndProject
Global
	GlobalSection(SolutionConfigurationPlatforms) = preSolution
		Debug|Any CPU = Debug|Any CPU
		Release|Any CPU = Release|Any CPU
	EndGlobalSection
	GlobalSection(ProjectConfigurationPlatforms) = postSolution
		{127E04E4-CA5D-4F3C-9C93-E674B4241846}.Debug|Any CPU.ActiveCfg = Debug|Any CPU
		{127E04E4-CA5D-4F3C-9C93-E674B4241846}.Debug|Any CPU.Build.0 = Debug|Any CPU
		{127E04E4-CA5D-4F3C-9C93-E674B4241846}.Release|Any CPU.ActiveCfg = Release|Any CPU
		{127E04E4-CA5D-4F3C-9C93-E674B4241846}.Release|Any CPU.Build.0 = Release|Any CPU
		{7BA2DFA5-8E0B-42C4-81BE-7983DA42AE45}.Debug|Any CPU.ActiveCfg = Debug|Any CPU
		{7BA2DFA5-8E0B-42C4-81BE-7983DA42AE45}.Debug|Any CPU.Build.0 = Debug|Any CPU
		{7BA2DFA5-8E0B-42C4-81BE-7983DA42AE45}.Release|Any CPU.ActiveCfg = Release|Any CPU
		{7BA2DFA5-8E0B-42C4-81BE-7983DA42AE45}.Release|Any CPU.Build.0 = Release|Any CPU
		{8EB78308-E274-4F4D-92E6-5C83D9074BE1}.Debug|Any CPU.ActiveCfg = Debug|Any CPU
		{8EB78308-E274-4F4D-92E6-5C83D9074BE1}.Debug|Any CPU.Build.0 = Debug|Any CPU
		{8EB78308-E274-4F4D-92E6-5C83D9074BE1}.Release|Any CPU.ActiveCfg = Release|Any CPU
		{8EB78308-E274-4F4D-92E6-5C83D9074BE1}.Release|Any CPU.Build.0 = Release|Any CPU
	EndGlobalSection
	GlobalSection(SolutionProperties) = preSolution
		HideSolutionNode = FALSE
	EndGlobalSection
	GlobalSection(NestedProjects) = preSolution
		{8EB78308-E274-4F4D-92E6-5C83D9074BE1} = {0C620FE1-D8BD-4B4C-9598-A5FD23C96B86}
	EndGlobalSection
	GlobalSection(ExtensibilityGlobals) = postSolution
		SolutionGuid = {97C1FE7F-78EE-44A0-A496-055A0B875F52}
	EndGlobalSection
EndGlobal
